
Microsoft Visual Studio Solution File, Format Version 12.00
# Visual Studio Version 17
VisualStudioVersion = 17.6.33927.249
MinimumVisualStudioVersion = 10.0.40219.1
Project("{FAE04EC0-301F-11D3-BF4B-00C04F79EFBC}") = "Liskov Substitution Principle", "Liskov Substitution Principle\Liskov Substitution Principle.csproj", "{3143C2E1-3272-44CA-B512-4721F94F8356}"
EndProject
Global
	GlobalSection(SolutionConfigurationPlatforms) = preSolution
		Debug|Any CPU = Debug|Any CPU
		Release|Any CPU = Release|Any CPU
	EndGlobalSection
	GlobalSection(ProjectConfigurationPlatforms) = postSolution
		{3143C2E1-3272-44CA-B512-4721F94F8356}.Debug|Any CPU.ActiveCfg = Debug|Any CPU
		{3143C2E1-3272-44CA-B512-4721F94F8356}.Debug|Any CPU.Build.0 = Debug|Any CPU
		{3143C2E1-3272-44CA-B512-4721F94F8356}.Release|Any CPU.ActiveCfg = Release|Any CPU
		{3143C2E1-3272-44CA-B512-4721F94F8356}.Release|Any CPU.Build.0 = Release|Any CPU
	EndGlobalSection
	GlobalSection(SolutionProperties) = preSolution
		HideSolutionNode = FALSE
	EndGlobalSection
	GlobalSection(ExtensibilityGlobals) = postSolution
		SolutionGuid = {B0F52B5A-06BD-4DC3-9A69-7FCE2F9CAD07}
	EndGlobalSection
EndGlobal
