
Microsoft Visual Studio Solution File, Format Version 12.00
# Visual Studio Version 17
VisualStudioVersion = 17.6.33927.249
MinimumVisualStudioVersion = 10.0.40219.1
Project("{FAE04EC0-301F-11D3-BF4B-00C04F79EFBC}") = "Dependency Inversion", "Dependency Inversion\Dependency Inversion.csproj", "{278C54A0-0E1D-4602-A413-29EA5BBCB3FC}"
EndProject
Global
	GlobalSection(SolutionConfigurationPlatforms) = preSolution
		Debug|Any CPU = Debug|Any CPU
		Release|Any CPU = Release|Any CPU
	EndGlobalSection
	GlobalSection(ProjectConfigurationPlatforms) = postSolution
		{278C54A0-0E1D-4602-A413-29EA5BBCB3FC}.Debug|Any CPU.ActiveCfg = Debug|Any CPU
		{278C54A0-0E1D-4602-A413-29EA5BBCB3FC}.Debug|Any CPU.Build.0 = Debug|Any CPU
		{278C54A0-0E1D-4602-A413-29EA5BBCB3FC}.Release|Any CPU.ActiveCfg = Release|Any CPU
		{278C54A0-0E1D-4602-A413-29EA5BBCB3FC}.Release|Any CPU.Build.0 = Release|Any CPU
	EndGlobalSection
	GlobalSection(SolutionProperties) = preSolution
		HideSolutionNode = FALSE
	EndGlobalSection
	GlobalSection(ExtensibilityGlobals) = postSolution
		SolutionGuid = {11A68FFC-1FA2-4258-95AE-62CCEE42FBF5}
	EndGlobalSection
EndGlobal
