
Microsoft Visual Studio Solution File, Format Version 12.00
# Visual Studio Version 17
VisualStudioVersion = 17.6.33927.249
MinimumVisualStudioVersion = 10.0.40219.1
Project("{FAE04EC0-301F-11D3-BF4B-00C04F79EFBC}") = "Open And Close Principle", "Open And Close Principle\Open And Close Principle.csproj", "{6481E111-DDE4-4F69-8740-8545DC394ED8}"
EndProject
Global
	GlobalSection(SolutionConfigurationPlatforms) = preSolution
		Debug|Any CPU = Debug|Any CPU
		Release|Any CPU = Release|Any CPU
	EndGlobalSection
	GlobalSection(ProjectConfigurationPlatforms) = postSolution
		{6481E111-DDE4-4F69-8740-8545DC394ED8}.Debug|Any CPU.ActiveCfg = Debug|Any CPU
		{6481E111-DDE4-4F69-8740-8545DC394ED8}.Debug|Any CPU.Build.0 = Debug|Any CPU
		{6481E111-DDE4-4F69-8740-8545DC394ED8}.Release|Any CPU.ActiveCfg = Release|Any CPU
		{6481E111-DDE4-4F69-8740-8545DC394ED8}.Release|Any CPU.Build.0 = Release|Any CPU
	EndGlobalSection
	GlobalSection(SolutionProperties) = preSolution
		HideSolutionNode = FALSE
	EndGlobalSection
	GlobalSection(ExtensibilityGlobals) = postSolution
		SolutionGuid = {40634922-4FD2-497C-BD72-18C5BD2D7CA2}
	EndGlobalSection
EndGlobal
